
Microsoft Visual Studio Solution File, Format Version 12.00
# Visual Studio Version 17
VisualStudioVersion = 17.2.32616.157
MinimumVisualStudioVersion = 10.0.40219.1
Project("{9A19103F-16F7-4668-BE54-9A1E7A4F7556}") = "UC4_addressbook", "UC3_addressbook\UC4_addressbook.csproj", "{B18AFDD2-A0FA-4BDE-BC3F-04414FE0AB4C}"
EndProject
Global
	GlobalSection(SolutionConfigurationPlatforms) = preSolution
		Debug|Any CPU = Debug|Any CPU
		Release|Any CPU = Release|Any CPU
	EndGlobalSection
	GlobalSection(ProjectConfigurationPlatforms) = postSolution
		{B18AFDD2-A0FA-4BDE-BC3F-04414FE0AB4C}.Debug|Any CPU.ActiveCfg = Debug|Any CPU
		{B18AFDD2-A0FA-4BDE-BC3F-04414FE0AB4C}.Debug|Any CPU.Build.0 = Debug|Any CPU
		{B18AFDD2-A0FA-4BDE-BC3F-04414FE0AB4C}.Release|Any CPU.ActiveCfg = Release|Any CPU
		{B18AFDD2-A0FA-4BDE-BC3F-04414FE0AB4C}.Release|Any CPU.Build.0 = Release|Any CPU
	EndGlobalSection
	GlobalSection(SolutionProperties) = preSolution
		HideSolutionNode = FALSE
	EndGlobalSection
	GlobalSection(ExtensibilityGlobals) = postSolution
		SolutionGuid = {D6EDFC9B-106A-4804-BCCA-26C5B5EB56A8}
	EndGlobalSection
EndGlobal
